
Microsoft Visual Studio Solution File, Format Version 12.00
# Visual Studio Version 17
VisualStudioVersion = 17.0.31612.314
MinimumVisualStudioVersion = 10.0.40219.1
Project("{FAE04EC0-301F-11D3-BF4B-00C04F79EFBC}") = "EventBus2MQ", "EventBus2MQ\EventBus2MQ.csproj", "{BA4688AE-2E82-4C66-8CAC-F6FEDAC3A8ED}"
EndProject
Project("{FAE04EC0-301F-11D3-BF4B-00C04F79EFBC}") = "EventBus2MQ.Test", "EventBus2MQ.Test\EventBus2MQ.Test.csproj", "{A58FC20E-252B-4468-9838-B96A105E5D9F}"
EndProject
Global
	GlobalSection(SolutionConfigurationPlatforms) = preSolution
		Debug|Any CPU = Debug|Any CPU
		Release|Any CPU = Release|Any CPU
	EndGlobalSection
	GlobalSection(ProjectConfigurationPlatforms) = postSolution
		{BA4688AE-2E82-4C66-8CAC-F6FEDAC3A8ED}.Debug|Any CPU.ActiveCfg = Debug|Any CPU
		{BA4688AE-2E82-4C66-8CAC-F6FEDAC3A8ED}.Debug|Any CPU.Build.0 = Debug|Any CPU
		{BA4688AE-2E82-4C66-8CAC-F6FEDAC3A8ED}.Release|Any CPU.ActiveCfg = Release|Any CPU
		{BA4688AE-2E82-4C66-8CAC-F6FEDAC3A8ED}.Release|Any CPU.Build.0 = Release|Any CPU
		{A58FC20E-252B-4468-9838-B96A105E5D9F}.Debug|Any CPU.ActiveCfg = Debug|Any CPU
		{A58FC20E-252B-4468-9838-B96A105E5D9F}.Debug|Any CPU.Build.0 = Debug|Any CPU
		{A58FC20E-252B-4468-9838-B96A105E5D9F}.Release|Any CPU.ActiveCfg = Release|Any CPU
		{A58FC20E-252B-4468-9838-B96A105E5D9F}.Release|Any CPU.Build.0 = Release|Any CPU
	EndGlobalSection
	GlobalSection(SolutionProperties) = preSolution
		HideSolutionNode = FALSE
	EndGlobalSection
	GlobalSection(ExtensibilityGlobals) = postSolution
		SolutionGuid = {2644AAEC-3286-4A72-A67C-53CBE5062723}
	EndGlobalSection
EndGlobal
